
Microsoft Visual Studio Solution File, Format Version 12.00
# Visual Studio 14
VisualStudioVersion = 14.0.25420.1
MinimumVisualStudioVersion = 10.0.40219.1
Project("{FAE04EC0-301F-11D3-BF4B-00C04F79EFBC}") = "MachineLearning.DigitRecognizer.CSharp", "DigitRecognizer\MachineLearning.DigitRecognizer.CSharp\MachineLearning.DigitRecognizer.CSharp.csproj", "{E4E7A508-70B6-42C8-B90B-991248FAA5C4}"
EndProject
Project("{2150E333-8FDC-42A3-9474-1A3956D46DE8}") = "DigitRecognizer", "DigitRecognizer", "{F4A64D81-7D52-4CF6-8570-9EF4C49EF32C}"
EndProject
Project("{2150E333-8FDC-42A3-9474-1A3956D46DE8}") = "Data", "Data", "{C5F06490-2E47-457D-9839-5C8013D1C6EF}"
	ProjectSection(SolutionItems) = preProject
		DigitRecognizer\Data\trainingsample.csv = DigitRecognizer\Data\trainingsample.csv
		DigitRecognizer\Data\validationsample.csv = DigitRecognizer\Data\validationsample.csv
	EndProjectSection
EndProject
Project("{F2A71F9B-5D33-465A-A702-920D77279786}") = "MachineLearning.DigitRecognizer.FSharp", "DigitRecognizer\MachineLearning.DigitRecognizer.FSharp\MachineLearning.DigitRecognizer.FSharp.fsproj", "{C80641C8-3F08-4CDA-8F31-12AA2F7AC2EA}"
EndProject
Project("{2150E333-8FDC-42A3-9474-1A3956D46DE8}") = "SpamOrHam", "SpamOrHam", "{30B5F121-6C18-4D7C-8A36-F9AB290110B2}"
EndProject
Project("{2150E333-8FDC-42A3-9474-1A3956D46DE8}") = "Data", "Data", "{03BABCBC-221B-4CAB-B6A6-381035022FCD}"
	ProjectSection(SolutionItems) = preProject
		SpamOrHam\Data\SMSSpamCollection = SpamOrHam\Data\SMSSpamCollection
	EndProjectSection
EndProject
Project("{F2A71F9B-5D33-465A-A702-920D77279786}") = "MachineLearning.SpamOrHam", "SpamOrHam\MachineLearning.SpamOrHam\MachineLearning.SpamOrHam.fsproj", "{D9073CC8-E27B-4FD6-9D11-29F54BF14FDD}"
EndProject
Project("{F2A71F9B-5D33-465A-A702-920D77279786}") = "MachineLearning.SpamOrHam.Tests", "SpamOrHam\MachineLearning.SpamOrHam.Tests\MachineLearning.SpamOrHam.Tests.fsproj", "{ADD77AC9-BACB-42B1-99B8-8A9E9DFAD9CC}"
EndProject
Project("{2150E333-8FDC-42A3-9474-1A3956D46DE8}") = "TypeProviders", "TypeProviders", "{22EC94B8-8E51-41CF-B5D8-49623C52A09E}"
EndProject
Project("{F2A71F9B-5D33-465A-A702-920D77279786}") = "MachineLearning.TypeProviders", "TypeProviders\MachineLearning.TypeProviders\MachineLearning.TypeProviders.fsproj", "{3D4A5CC6-746F-4F6B-8F9E-54635F5BAB32}"
EndProject
Project("{2150E333-8FDC-42A3-9474-1A3956D46DE8}") = "BikeSharing", "BikeSharing", "{DBE8A910-E2C4-44F7-887D-4B1C2FFE28F8}"
EndProject
Project("{2150E333-8FDC-42A3-9474-1A3956D46DE8}") = "Data", "Data", "{C6FC2570-8BEC-42DB-A831-235DBE94DEFD}"
	ProjectSection(SolutionItems) = preProject
		BikeSharing\Data\day.csv = BikeSharing\Data\day.csv
	EndProjectSection
EndProject
Project("{F2A71F9B-5D33-465A-A702-920D77279786}") = "MachineLearning.BikeSharing", "BikeSharing\MachineLearning.BikeSharing\MachineLearning.BikeSharing.fsproj", "{B9175BD4-6048-4FCD-B0A0-9FD7FE1A18DD}"
EndProject
Global
	GlobalSection(SolutionConfigurationPlatforms) = preSolution
		Debug|Any CPU = Debug|Any CPU
		Release|Any CPU = Release|Any CPU
	EndGlobalSection
	GlobalSection(ProjectConfigurationPlatforms) = postSolution
		{E4E7A508-70B6-42C8-B90B-991248FAA5C4}.Debug|Any CPU.ActiveCfg = Debug|Any CPU
		{E4E7A508-70B6-42C8-B90B-991248FAA5C4}.Debug|Any CPU.Build.0 = Debug|Any CPU
		{E4E7A508-70B6-42C8-B90B-991248FAA5C4}.Release|Any CPU.ActiveCfg = Release|Any CPU
		{E4E7A508-70B6-42C8-B90B-991248FAA5C4}.Release|Any CPU.Build.0 = Release|Any CPU
		{C80641C8-3F08-4CDA-8F31-12AA2F7AC2EA}.Debug|Any CPU.ActiveCfg = Debug|Any CPU
		{C80641C8-3F08-4CDA-8F31-12AA2F7AC2EA}.Debug|Any CPU.Build.0 = Debug|Any CPU
		{C80641C8-3F08-4CDA-8F31-12AA2F7AC2EA}.Release|Any CPU.ActiveCfg = Release|Any CPU
		{C80641C8-3F08-4CDA-8F31-12AA2F7AC2EA}.Release|Any CPU.Build.0 = Release|Any CPU
		{D9073CC8-E27B-4FD6-9D11-29F54BF14FDD}.Debug|Any CPU.ActiveCfg = Debug|Any CPU
		{D9073CC8-E27B-4FD6-9D11-29F54BF14FDD}.Debug|Any CPU.Build.0 = Debug|Any CPU
		{D9073CC8-E27B-4FD6-9D11-29F54BF14FDD}.Release|Any CPU.ActiveCfg = Release|Any CPU
		{D9073CC8-E27B-4FD6-9D11-29F54BF14FDD}.Release|Any CPU.Build.0 = Release|Any CPU
		{ADD77AC9-BACB-42B1-99B8-8A9E9DFAD9CC}.Debug|Any CPU.ActiveCfg = Debug|Any CPU
		{ADD77AC9-BACB-42B1-99B8-8A9E9DFAD9CC}.Debug|Any CPU.Build.0 = Debug|Any CPU
		{ADD77AC9-BACB-42B1-99B8-8A9E9DFAD9CC}.Release|Any CPU.ActiveCfg = Release|Any CPU
		{ADD77AC9-BACB-42B1-99B8-8A9E9DFAD9CC}.Release|Any CPU.Build.0 = Release|Any CPU
		{3D4A5CC6-746F-4F6B-8F9E-54635F5BAB32}.Debug|Any CPU.ActiveCfg = Debug|Any CPU
		{3D4A5CC6-746F-4F6B-8F9E-54635F5BAB32}.Debug|Any CPU.Build.0 = Debug|Any CPU
		{3D4A5CC6-746F-4F6B-8F9E-54635F5BAB32}.Release|Any CPU.ActiveCfg = Release|Any CPU
		{3D4A5CC6-746F-4F6B-8F9E-54635F5BAB32}.Release|Any CPU.Build.0 = Release|Any CPU
		{B9175BD4-6048-4FCD-B0A0-9FD7FE1A18DD}.Debug|Any CPU.ActiveCfg = Debug|Any CPU
		{B9175BD4-6048-4FCD-B0A0-9FD7FE1A18DD}.Debug|Any CPU.Build.0 = Debug|Any CPU
		{B9175BD4-6048-4FCD-B0A0-9FD7FE1A18DD}.Release|Any CPU.ActiveCfg = Release|Any CPU
		{B9175BD4-6048-4FCD-B0A0-9FD7FE1A18DD}.Release|Any CPU.Build.0 = Release|Any CPU
	EndGlobalSection
	GlobalSection(SolutionProperties) = preSolution
		HideSolutionNode = FALSE
	EndGlobalSection
	GlobalSection(NestedProjects) = preSolution
		{E4E7A508-70B6-42C8-B90B-991248FAA5C4} = {F4A64D81-7D52-4CF6-8570-9EF4C49EF32C}
		{C5F06490-2E47-457D-9839-5C8013D1C6EF} = {F4A64D81-7D52-4CF6-8570-9EF4C49EF32C}
		{C80641C8-3F08-4CDA-8F31-12AA2F7AC2EA} = {F4A64D81-7D52-4CF6-8570-9EF4C49EF32C}
		{03BABCBC-221B-4CAB-B6A6-381035022FCD} = {30B5F121-6C18-4D7C-8A36-F9AB290110B2}
		{D9073CC8-E27B-4FD6-9D11-29F54BF14FDD} = {30B5F121-6C18-4D7C-8A36-F9AB290110B2}
		{ADD77AC9-BACB-42B1-99B8-8A9E9DFAD9CC} = {30B5F121-6C18-4D7C-8A36-F9AB290110B2}
		{3D4A5CC6-746F-4F6B-8F9E-54635F5BAB32} = {22EC94B8-8E51-41CF-B5D8-49623C52A09E}
		{C6FC2570-8BEC-42DB-A831-235DBE94DEFD} = {DBE8A910-E2C4-44F7-887D-4B1C2FFE28F8}
		{B9175BD4-6048-4FCD-B0A0-9FD7FE1A18DD} = {DBE8A910-E2C4-44F7-887D-4B1C2FFE28F8}
	EndGlobalSection
EndGlobal
